{
  "version": 4,
  "terraform_version": "1.12.2",
  "serial": 371,
  "lineage": "0432ea14-fa01-576d-10dd-57182fe88698",
  "outputs": {
    "application_url": {
      "value": "http://15.206.67.180",
      "type": "string"
    },
    "backend_private_ip": {
      "value": "10.0.2.196",
      "type": "string"
    },
    "frontend_public_ip": {
      "value": "15.206.67.180",
      "type": "string"
    }
  },
  "resources": [
    {
      "mode": "managed",
      "type": "aws_eip",
      "name": "nat_eip",
      "provider": "provider[\"registry.terraform.io/hashicorp/aws\"]",
      "instances": [
        {
          "schema_version": 0,
          "attributes": {
            "address": null,
            "allocation_id": "eipalloc-0fd164f8c46668b0f",
            "arn": "arn:aws:ec2:ap-south-1:014839708505:elastic-ip/eipalloc-0fd164f8c46668b0f",
            "associate_with_private_ip": null,
            "association_id": "",
            "carrier_ip": "",
            "customer_owned_ip": "",
            "customer_owned_ipv4_pool": "",
            "domain": "vpc",
            "id": "eipalloc-0fd164f8c46668b0f",
            "instance": "",
            "ipam_pool_id": null,
            "network_border_group": "ap-south-1",
            "network_interface": "",
            "private_dns": null,
            "private_ip": "",
            "ptr_record": "",
            "public_dns": "ec2-65-1-206-69.ap-south-1.compute.amazonaws.com",
            "public_ip": "65.1.206.69",
            "public_ipv4_pool": "amazon",
            "tags": null,
            "tags_all": {},
            "timeouts": null,
            "vpc": true
          },
          "sensitive_attributes": [],
          "identity_schema_version": 0,
          "private": "eyJlMmJmYjczMC1lY2FhLTExZTYtOGY4OC0zNDM2M2JjN2M0YzAiOnsiZGVsZXRlIjoxODAwMDAwMDAwMDAsInJlYWQiOjkwMDAwMDAwMDAwMCwidXBkYXRlIjozMDAwMDAwMDAwMDB9fQ=="
        }
      ]
    },
    {
      "mode": "managed",
      "type": "aws_instance",
      "name": "backend",
      "provider": "provider[\"registry.terraform.io/hashicorp/aws\"]",
      "instances": [
        {
          "schema_version": 1,
          "attributes": {
            "ami": "ami-0f918f7e67a3323f0",
            "arn": "arn:aws:ec2:ap-south-1:014839708505:instance/i-020bef9ce208b888b",
            "associate_public_ip_address": false,
            "availability_zone": "ap-south-1a",
            "capacity_reservation_specification": [
              {
                "capacity_reservation_preference": "open",
                "capacity_reservation_target": []
              }
            ],
            "cpu_core_count": 1,
            "cpu_options": [
              {
                "amd_sev_snp": "",
                "core_count": 1,
                "threads_per_core": 1
              }
            ],
            "cpu_threads_per_core": 1,
            "credit_specification": [
              {
                "cpu_credits": "standard"
              }
            ],
            "disable_api_stop": false,
            "disable_api_termination": false,
            "ebs_block_device": [],
            "ebs_optimized": false,
            "enable_primary_ipv6": null,
            "enclave_options": [
              {
                "enabled": false
              }
            ],
            "ephemeral_block_device": [],
            "get_password_data": false,
            "hibernation": false,
            "host_id": "",
            "host_resource_group_arn": null,
            "iam_instance_profile": "",
            "id": "i-020bef9ce208b888b",
            "instance_initiated_shutdown_behavior": "stop",
            "instance_lifecycle": "",
            "instance_market_options": [],
            "instance_state": "running",
            "instance_type": "t2.micro",
            "ipv6_address_count": 0,
            "ipv6_addresses": [],
            "key_name": "assignment-key",
            "launch_template": [],
            "maintenance_options": [
              {
                "auto_recovery": "default"
              }
            ],
            "metadata_options": [
              {
                "http_endpoint": "enabled",
                "http_protocol_ipv6": "disabled",
                "http_put_response_hop_limit": 2,
                "http_tokens": "required",
                "instance_metadata_tags": "disabled"
              }
            ],
            "monitoring": false,
            "network_interface": [],
            "outpost_arn": "",
            "password_data": "",
            "placement_group": "",
            "placement_partition_number": 0,
            "primary_network_interface_id": "eni-0c2c1758d7f2f372e",
            "private_dns": "ip-10-0-2-196.ap-south-1.compute.internal",
            "private_dns_name_options": [
              {
                "enable_resource_name_dns_a_record": false,
                "enable_resource_name_dns_aaaa_record": false,
                "hostname_type": "ip-name"
              }
            ],
            "private_ip": "10.0.2.196",
            "public_dns": "",
            "public_ip": "",
            "root_block_device": [
              {
                "delete_on_termination": true,
                "device_name": "/dev/sda1",
                "encrypted": false,
                "iops": 3000,
                "kms_key_id": "",
                "tags": {},
                "tags_all": {},
                "throughput": 125,
                "volume_id": "vol-079e71add19f94dc2",
                "volume_size": 8,
                "volume_type": "gp3"
              }
            ],
            "secondary_private_ips": [],
            "security_groups": [
              "sg-0df353364f8bcea5f"
            ],
            "source_dest_check": true,
            "spot_instance_request_id": "",
            "subnet_id": "subnet-0c7909d2310a390d9",
            "tags": {
              "Name": "BACKEND"
            },
            "tags_all": {
              "Name": "BACKEND"
            },
            "tenancy": "default",
            "timeouts": null,
            "user_data": null,
            "user_data_base64": null,
            "user_data_replace_on_change": false,
            "volume_tags": null,
            "vpc_security_group_ids": [
              "sg-0df353364f8bcea5f"
            ]
          },
          "sensitive_attributes": [],
          "identity_schema_version": 0,
          "private": "eyJlMmJmYjczMC1lY2FhLTExZTYtOGY4OC0zNDM2M2JjN2M0YzAiOnsiY3JlYXRlIjo2MDAwMDAwMDAwMDAsImRlbGV0ZSI6MTIwMDAwMDAwMDAwMCwicmVhZCI6OTAwMDAwMDAwMDAwLCJ1cGRhdGUiOjYwMDAwMDAwMDAwMH0sInNjaGVtYV92ZXJzaW9uIjoiMSJ9",
          "dependencies": [
            "aws_eip.nat_eip",
            "aws_instance.frontend",
            "aws_internet_gateway.igw",
            "aws_key_pair.generated_key",
            "aws_nat_gateway.nat_gw",
            "aws_route_table.private_rt",
            "aws_route_table_association.private_assoc",
            "aws_security_group.backend_sg",
            "aws_security_group.frontend_sg",
            "aws_subnet.private_subnet",
            "aws_subnet.public_subnet",
            "aws_vpc.assignment_vpc",
            "tls_private_key.assignment_key"
          ]
        }
      ]
    },
    {
      "mode": "managed",
      "type": "aws_instance",
      "name": "frontend",
      "provider": "provider[\"registry.terraform.io/hashicorp/aws\"]",
      "instances": [
        {
          "schema_version": 1,
          "attributes": {
            "ami": "ami-0f918f7e67a3323f0",
            "arn": "arn:aws:ec2:ap-south-1:014839708505:instance/i-0acc6e2d06d7ba48d",
            "associate_public_ip_address": true,
            "availability_zone": "ap-south-1a",
            "capacity_reservation_specification": [
              {
                "capacity_reservation_preference": "open",
                "capacity_reservation_target": []
              }
            ],
            "cpu_core_count": 1,
            "cpu_options": [
              {
                "amd_sev_snp": "",
                "core_count": 1,
                "threads_per_core": 1
              }
            ],
            "cpu_threads_per_core": 1,
            "credit_specification": [
              {
                "cpu_credits": "standard"
              }
            ],
            "disable_api_stop": false,
            "disable_api_termination": false,
            "ebs_block_device": [],
            "ebs_optimized": false,
            "enable_primary_ipv6": null,
            "enclave_options": [
              {
                "enabled": false
              }
            ],
            "ephemeral_block_device": [],
            "get_password_data": false,
            "hibernation": false,
            "host_id": "",
            "host_resource_group_arn": null,
            "iam_instance_profile": "",
            "id": "i-0acc6e2d06d7ba48d",
            "instance_initiated_shutdown_behavior": "stop",
            "instance_lifecycle": "",
            "instance_market_options": [],
            "instance_state": "running",
            "instance_type": "t2.micro",
            "ipv6_address_count": 0,
            "ipv6_addresses": [],
            "key_name": "assignment-key",
            "launch_template": [],
            "maintenance_options": [
              {
                "auto_recovery": "default"
              }
            ],
            "metadata_options": [
              {
                "http_endpoint": "enabled",
                "http_protocol_ipv6": "disabled",
                "http_put_response_hop_limit": 2,
                "http_tokens": "required",
                "instance_metadata_tags": "disabled"
              }
            ],
            "monitoring": false,
            "network_interface": [],
            "outpost_arn": "",
            "password_data": "",
            "placement_group": "",
            "placement_partition_number": 0,
            "primary_network_interface_id": "eni-04f1ca4fb94617ac5",
            "private_dns": "ip-10-0-1-106.ap-south-1.compute.internal",
            "private_dns_name_options": [
              {
                "enable_resource_name_dns_a_record": false,
                "enable_resource_name_dns_aaaa_record": false,
                "hostname_type": "ip-name"
              }
            ],
            "private_ip": "10.0.1.106",
            "public_dns": "ec2-15-206-67-180.ap-south-1.compute.amazonaws.com",
            "public_ip": "15.206.67.180",
            "root_block_device": [
              {
                "delete_on_termination": true,
                "device_name": "/dev/sda1",
                "encrypted": false,
                "iops": 3000,
                "kms_key_id": "",
                "tags": {},
                "tags_all": {},
                "throughput": 125,
                "volume_id": "vol-098501a033e6ed72e",
                "volume_size": 8,
                "volume_type": "gp3"
              }
            ],
            "secondary_private_ips": [],
            "security_groups": [
              "sg-0d43060a85c8feaa0"
            ],
            "source_dest_check": true,
            "spot_instance_request_id": "",
            "subnet_id": "subnet-0b6db3ca864e77788",
            "tags": {
              "Name": "FRONTEND"
            },
            "tags_all": {
              "Name": "FRONTEND"
            },
            "tenancy": "default",
            "timeouts": null,
            "user_data": null,
            "user_data_base64": null,
            "user_data_replace_on_change": false,
            "volume_tags": null,
            "vpc_security_group_ids": [
              "sg-0d43060a85c8feaa0"
            ]
          },
          "sensitive_attributes": [],
          "identity_schema_version": 0,
          "private": "eyJlMmJmYjczMC1lY2FhLTExZTYtOGY4OC0zNDM2M2JjN2M0YzAiOnsiY3JlYXRlIjo2MDAwMDAwMDAwMDAsImRlbGV0ZSI6MTIwMDAwMDAwMDAwMCwicmVhZCI6OTAwMDAwMDAwMDAwLCJ1cGRhdGUiOjYwMDAwMDAwMDAwMH0sInNjaGVtYV92ZXJzaW9uIjoiMSJ9",
          "dependencies": [
            "aws_key_pair.generated_key",
            "aws_security_group.frontend_sg",
            "aws_subnet.public_subnet",
            "aws_vpc.assignment_vpc",
            "tls_private_key.assignment_key"
          ]
        }
      ]
    },
    {
      "mode": "managed",
      "type": "aws_internet_gateway",
      "name": "igw",
      "provider": "provider[\"registry.terraform.io/hashicorp/aws\"]",
      "instances": [
        {
          "schema_version": 0,
          "attributes": {
            "arn": "arn:aws:ec2:ap-south-1:014839708505:internet-gateway/igw-0ae857c5dd60b1b20",
            "id": "igw-0ae857c5dd60b1b20",
            "owner_id": "014839708505",
            "tags": {
              "Name": "assignment-igw"
            },
            "tags_all": {
              "Name": "assignment-igw"
            },
            "timeouts": null,
            "vpc_id": "vpc-0f40f81f73d4bac5e"
          },
          "sensitive_attributes": [],
          "identity_schema_version": 0,
          "private": "eyJlMmJmYjczMC1lY2FhLTExZTYtOGY4OC0zNDM2M2JjN2M0YzAiOnsiY3JlYXRlIjoxMjAwMDAwMDAwMDAwLCJkZWxldGUiOjEyMDAwMDAwMDAwMDAsInVwZGF0ZSI6MTIwMDAwMDAwMDAwMH19",
          "dependencies": [
            "aws_vpc.assignment_vpc"
          ]
        }
      ]
    },
    {
      "mode": "managed",
      "type": "aws_key_pair",
      "name": "generated_key",
      "provider": "provider[\"registry.terraform.io/hashicorp/aws\"]",
      "instances": [
        {
          "schema_version": 1,
          "attributes": {
            "arn": "arn:aws:ec2:ap-south-1:014839708505:key-pair/assignment-key",
            "fingerprint": "77:bf:8d:2a:5b:57:99:0f:9a:e0:2b:bd:e6:d2:73:fa",
            "id": "assignment-key",
            "key_name": "assignment-key",
            "key_name_prefix": "",
            "key_pair_id": "key-0ea45199e8ab41dbc",
            "key_type": "rsa",
            "public_key": "ssh-rsa AAAAB3NzaC1yc2EAAAADAQABAAACAQCy9yWSE9/TUO6pNAqj/Sdph3T7uhY1E/wuJSNcvXc+nQO0ZWy/lnVwmMT3yJ6z7AjoqG8bPcDS144ghdE5f+19Vpeub20i2260+JyGZ9ANh7z15ykFzpdwRo0tQZdCfUcKLrjX5HqeWeIAsxr7axTKJdBFoxfD81Sgi5c0ydFNFtGOCHgcr2P+quvIUdwvsOZQycAdhQlVYbz7j32KPoIwqIt5AAUwBWzngPoIQ90ZZQ+Iia8xDBJnp0t+7jhLPS6zlcfey18ImOxbz4IP193hCFy4lrU/QGoJIgW37qkrFFGv6JCymLTKJDhTOon+srbQnk3lhnCBTaQMZny7pqChIXn1SpSSm+0FEPoOxh3YZw9TJ7yvjtzVCVneyJ47JPgS4WQ2Jvz4eqDI2teXji32ND+4OgpiI2cyvK11uq2SjaDHL0NB3LcFnLjYEO/bU15VLLYMEU7TPMVzhuohrPdhcatoHdEfZKt7yLYK4PsGiGh2o0AGe78HalJTNGMuj8OQMa/vzGeQfzrLaEtMerhAPSChRURu2W4q/niDd4iyM6plDSFYUOaV/WbcreGXy5eXFUbWv1g+NOBD0OYW0PBwFD3HBGHDGt/ig6e7q6c0eBuf8U3MeGwjtd79FDVcjLHHyKGIJzmWe9I9qq/Ykqdx6tbkZbLNDCVkymSAMEpSbQ==",
            "tags": null,
            "tags_all": {}
          },
          "sensitive_attributes": [],
          "identity_schema_version": 0,
          "private": "eyJzY2hlbWFfdmVyc2lvbiI6IjEifQ==",
          "dependencies": [
            "tls_private_key.assignment_key"
          ]
        }
      ]
    },
    {
      "mode": "managed",
      "type": "aws_nat_gateway",
      "name": "nat_gw",
      "provider": "provider[\"registry.terraform.io/hashicorp/aws\"]",
      "instances": [
        {
          "schema_version": 0,
          "attributes": {
            "allocation_id": "eipalloc-0fd164f8c46668b0f",
            "association_id": "eipassoc-00b055b38d01cc9ed",
            "connectivity_type": "public",
            "id": "nat-099feefba8251a411",
            "network_interface_id": "eni-0d3214222fc35159e",
            "private_ip": "10.0.1.31",
            "public_ip": "65.1.206.69",
            "secondary_allocation_ids": null,
            "secondary_private_ip_address_count": 0,
            "secondary_private_ip_addresses": [],
            "subnet_id": "subnet-0b6db3ca864e77788",
            "tags": {
              "Name": "assignment-nat-gw"
            },
            "tags_all": {
              "Name": "assignment-nat-gw"
            },
            "timeouts": null
          },
          "sensitive_attributes": [],
          "identity_schema_version": 0,
          "private": "eyJlMmJmYjczMC1lY2FhLTExZTYtOGY4OC0zNDM2M2JjN2M0YzAiOnsiY3JlYXRlIjo2MDAwMDAwMDAwMDAsImRlbGV0ZSI6MTgwMDAwMDAwMDAwMCwidXBkYXRlIjo2MDAwMDAwMDAwMDB9fQ==",
          "dependencies": [
            "aws_eip.nat_eip",
            "aws_internet_gateway.igw",
            "aws_subnet.public_subnet",
            "aws_vpc.assignment_vpc"
          ]
        }
      ]
    },
    {
      "mode": "managed",
      "type": "aws_route_table",
      "name": "private_rt",
      "provider": "provider[\"registry.terraform.io/hashicorp/aws\"]",
      "instances": [
        {
          "schema_version": 0,
          "attributes": {
            "arn": "arn:aws:ec2:ap-south-1:014839708505:route-table/rtb-0782eba42a5b5d922",
            "id": "rtb-0782eba42a5b5d922",
            "owner_id": "014839708505",
            "propagating_vgws": [],
            "route": [
              {
                "carrier_gateway_id": "",
                "cidr_block": "0.0.0.0/0",
                "core_network_arn": "",
                "destination_prefix_list_id": "",
                "egress_only_gateway_id": "",
                "gateway_id": "",
                "ipv6_cidr_block": "",
                "local_gateway_id": "",
                "nat_gateway_id": "nat-099feefba8251a411",
                "network_interface_id": "",
                "transit_gateway_id": "",
                "vpc_endpoint_id": "",
                "vpc_peering_connection_id": ""
              }
            ],
            "tags": {
              "Name": "private-rt"
            },
            "tags_all": {
              "Name": "private-rt"
            },
            "timeouts": null,
            "vpc_id": "vpc-0f40f81f73d4bac5e"
          },
          "sensitive_attributes": [],
          "identity_schema_version": 0,
          "private": "eyJlMmJmYjczMC1lY2FhLTExZTYtOGY4OC0zNDM2M2JjN2M0YzAiOnsiY3JlYXRlIjozMDAwMDAwMDAwMDAsImRlbGV0ZSI6MzAwMDAwMDAwMDAwLCJ1cGRhdGUiOjEyMDAwMDAwMDAwMH19",
          "dependencies": [
            "aws_eip.nat_eip",
            "aws_internet_gateway.igw",
            "aws_nat_gateway.nat_gw",
            "aws_subnet.public_subnet",
            "aws_vpc.assignment_vpc"
          ]
        }
      ]
    },
    {
      "mode": "managed",
      "type": "aws_route_table",
      "name": "public_rt",
      "provider": "provider[\"registry.terraform.io/hashicorp/aws\"]",
      "instances": [
        {
          "schema_version": 0,
          "attributes": {
            "arn": "arn:aws:ec2:ap-south-1:014839708505:route-table/rtb-0b82c76e0f471b0fc",
            "id": "rtb-0b82c76e0f471b0fc",
            "owner_id": "014839708505",
            "propagating_vgws": [],
            "route": [
              {
                "carrier_gateway_id": "",
                "cidr_block": "0.0.0.0/0",
                "core_network_arn": "",
                "destination_prefix_list_id": "",
                "egress_only_gateway_id": "",
                "gateway_id": "igw-0ae857c5dd60b1b20",
                "ipv6_cidr_block": "",
                "local_gateway_id": "",
                "nat_gateway_id": "",
                "network_interface_id": "",
                "transit_gateway_id": "",
                "vpc_endpoint_id": "",
                "vpc_peering_connection_id": ""
              }
            ],
            "tags": {
              "Name": "public-rt"
            },
            "tags_all": {
              "Name": "public-rt"
            },
            "timeouts": null,
            "vpc_id": "vpc-0f40f81f73d4bac5e"
          },
          "sensitive_attributes": [],
          "identity_schema_version": 0,
          "private": "eyJlMmJmYjczMC1lY2FhLTExZTYtOGY4OC0zNDM2M2JjN2M0YzAiOnsiY3JlYXRlIjozMDAwMDAwMDAwMDAsImRlbGV0ZSI6MzAwMDAwMDAwMDAwLCJ1cGRhdGUiOjEyMDAwMDAwMDAwMH19",
          "dependencies": [
            "aws_internet_gateway.igw",
            "aws_vpc.assignment_vpc"
          ]
        }
      ]
    },
    {
      "mode": "managed",
      "type": "aws_route_table_association",
      "name": "private_assoc",
      "provider": "provider[\"registry.terraform.io/hashicorp/aws\"]",
      "instances": [
        {
          "schema_version": 0,
          "attributes": {
            "gateway_id": "",
            "id": "rtbassoc-042970e4a4f1802c3",
            "route_table_id": "rtb-0782eba42a5b5d922",
            "subnet_id": "subnet-0c7909d2310a390d9",
            "timeouts": null
          },
          "sensitive_attributes": [],
          "identity_schema_version": 0,
          "private": "eyJlMmJmYjczMC1lY2FhLTExZTYtOGY4OC0zNDM2M2JjN2M0YzAiOnsiY3JlYXRlIjozMDAwMDAwMDAwMDAsImRlbGV0ZSI6MzAwMDAwMDAwMDAwLCJ1cGRhdGUiOjEyMDAwMDAwMDAwMH19",
          "dependencies": [
            "aws_eip.nat_eip",
            "aws_internet_gateway.igw",
            "aws_nat_gateway.nat_gw",
            "aws_route_table.private_rt",
            "aws_subnet.private_subnet",
            "aws_subnet.public_subnet",
            "aws_vpc.assignment_vpc"
          ]
        }
      ]
    },
    {
      "mode": "managed",
      "type": "aws_route_table_association",
      "name": "public_assoc",
      "provider": "provider[\"registry.terraform.io/hashicorp/aws\"]",
      "instances": [
        {
          "schema_version": 0,
          "attributes": {
            "gateway_id": "",
            "id": "rtbassoc-01059697eaf399559",
            "route_table_id": "rtb-0b82c76e0f471b0fc",
            "subnet_id": "subnet-0b6db3ca864e77788",
            "timeouts": null
          },
          "sensitive_attributes": [],
          "identity_schema_version": 0,
          "private": "eyJlMmJmYjczMC1lY2FhLTExZTYtOGY4OC0zNDM2M2JjN2M0YzAiOnsiY3JlYXRlIjozMDAwMDAwMDAwMDAsImRlbGV0ZSI6MzAwMDAwMDAwMDAwLCJ1cGRhdGUiOjEyMDAwMDAwMDAwMH19",
          "dependencies": [
            "aws_internet_gateway.igw",
            "aws_route_table.public_rt",
            "aws_subnet.public_subnet",
            "aws_vpc.assignment_vpc"
          ]
        }
      ]
    },
    {
      "mode": "managed",
      "type": "aws_security_group",
      "name": "backend_sg",
      "provider": "provider[\"registry.terraform.io/hashicorp/aws\"]",
      "instances": [
        {
          "schema_version": 1,
          "attributes": {
            "arn": "arn:aws:ec2:ap-south-1:014839708505:security-group/sg-0df353364f8bcea5f",
            "description": "Allow traffic only from frontend",
            "egress": [
              {
                "cidr_blocks": [
                  "0.0.0.0/0"
                ],
                "description": "Allow all outbound traffic",
                "from_port": 0,
                "ipv6_cidr_blocks": [],
                "prefix_list_ids": [],
                "protocol": "-1",
                "security_groups": [],
                "self": false,
                "to_port": 0
              }
            ],
            "id": "sg-0df353364f8bcea5f",
            "ingress": [
              {
                "cidr_blocks": [],
                "description": "Allow SSH from frontend SG",
                "from_port": 22,
                "ipv6_cidr_blocks": [],
                "prefix_list_ids": [],
                "protocol": "tcp",
                "security_groups": [
                  "sg-0d43060a85c8feaa0"
                ],
                "self": false,
                "to_port": 22
              },
              {
                "cidr_blocks": [],
                "description": "Allow app traffic from frontend SG",
                "from_port": 5000,
                "ipv6_cidr_blocks": [],
                "prefix_list_ids": [],
                "protocol": "tcp",
                "security_groups": [
                  "sg-0d43060a85c8feaa0"
                ],
                "self": false,
                "to_port": 5000
              }
            ],
            "name": "backend-sg",
            "name_prefix": "",
            "owner_id": "014839708505",
            "revoke_rules_on_delete": false,
            "tags": null,
            "tags_all": {},
            "timeouts": null,
            "vpc_id": "vpc-0f40f81f73d4bac5e"
          },
          "sensitive_attributes": [],
          "identity_schema_version": 0,
          "private": "eyJlMmJmYjczMC1lY2FhLTExZTYtOGY4OC0zNDM2M2JjN2M0YzAiOnsiY3JlYXRlIjo2MDAwMDAwMDAwMDAsImRlbGV0ZSI6OTAwMDAwMDAwMDAwfSwic2NoZW1hX3ZlcnNpb24iOiIxIn0=",
          "dependencies": [
            "aws_security_group.frontend_sg",
            "aws_vpc.assignment_vpc"
          ]
        }
      ]
    },
    {
      "mode": "managed",
      "type": "aws_security_group",
      "name": "frontend_sg",
      "provider": "provider[\"registry.terraform.io/hashicorp/aws\"]",
      "instances": [
        {
          "schema_version": 1,
          "attributes": {
            "arn": "arn:aws:ec2:ap-south-1:014839708505:security-group/sg-0d43060a85c8feaa0",
            "description": "Allow HTTP and SSH from anywhere",
            "egress": [
              {
                "cidr_blocks": [
                  "0.0.0.0/0"
                ],
                "description": "Allow all outbound traffic",
                "from_port": 0,
                "ipv6_cidr_blocks": [],
                "prefix_list_ids": [],
                "protocol": "-1",
                "security_groups": [],
                "self": false,
                "to_port": 0
              }
            ],
            "id": "sg-0d43060a85c8feaa0",
            "ingress": [
              {
                "cidr_blocks": [
                  "0.0.0.0/0"
                ],
                "description": "HTTP from public",
                "from_port": 80,
                "ipv6_cidr_blocks": [],
                "prefix_list_ids": [],
                "protocol": "tcp",
                "security_groups": [],
                "self": false,
                "to_port": 80
              },
              {
                "cidr_blocks": [
                  "0.0.0.0/0"
                ],
                "description": "SSH from public",
                "from_port": 22,
                "ipv6_cidr_blocks": [],
                "prefix_list_ids": [],
                "protocol": "tcp",
                "security_groups": [],
                "self": false,
                "to_port": 22
              },
              {
                "cidr_blocks": [],
                "description": "Allow SSH from self for Bastion",
                "from_port": 22,
                "ipv6_cidr_blocks": [],
                "prefix_list_ids": [],
                "protocol": "tcp",
                "security_groups": [],
                "self": true,
                "to_port": 22
              }
            ],
            "name": "frontend-sg",
            "name_prefix": "",
            "owner_id": "014839708505",
            "revoke_rules_on_delete": false,
            "tags": null,
            "tags_all": {},
            "timeouts": null,
            "vpc_id": "vpc-0f40f81f73d4bac5e"
          },
          "sensitive_attributes": [],
          "identity_schema_version": 0,
          "private": "eyJlMmJmYjczMC1lY2FhLTExZTYtOGY4OC0zNDM2M2JjN2M0YzAiOnsiY3JlYXRlIjo2MDAwMDAwMDAwMDAsImRlbGV0ZSI6OTAwMDAwMDAwMDAwfSwic2NoZW1hX3ZlcnNpb24iOiIxIn0=",
          "dependencies": [
            "aws_vpc.assignment_vpc"
          ]
        }
      ]
    },
    {
      "mode": "managed",
      "type": "aws_subnet",
      "name": "private_subnet",
      "provider": "provider[\"registry.terraform.io/hashicorp/aws\"]",
      "instances": [
        {
          "schema_version": 1,
          "attributes": {
            "arn": "arn:aws:ec2:ap-south-1:014839708505:subnet/subnet-0c7909d2310a390d9",
            "assign_ipv6_address_on_creation": false,
            "availability_zone": "ap-south-1a",
            "availability_zone_id": "aps1-az1",
            "cidr_block": "10.0.2.0/24",
            "customer_owned_ipv4_pool": "",
            "enable_dns64": false,
            "enable_lni_at_device_index": 0,
            "enable_resource_name_dns_a_record_on_launch": false,
            "enable_resource_name_dns_aaaa_record_on_launch": false,
            "id": "subnet-0c7909d2310a390d9",
            "ipv6_cidr_block": "",
            "ipv6_cidr_block_association_id": "",
            "ipv6_native": false,
            "map_customer_owned_ip_on_launch": false,
            "map_public_ip_on_launch": false,
            "outpost_arn": "",
            "owner_id": "014839708505",
            "private_dns_hostname_type_on_launch": "ip-name",
            "tags": {
              "Name": "private-subnet"
            },
            "tags_all": {
              "Name": "private-subnet"
            },
            "timeouts": null,
            "vpc_id": "vpc-0f40f81f73d4bac5e"
          },
          "sensitive_attributes": [],
          "identity_schema_version": 0,
          "private": "eyJlMmJmYjczMC1lY2FhLTExZTYtOGY4OC0zNDM2M2JjN2M0YzAiOnsiY3JlYXRlIjo2MDAwMDAwMDAwMDAsImRlbGV0ZSI6MTIwMDAwMDAwMDAwMH0sInNjaGVtYV92ZXJzaW9uIjoiMSJ9",
          "dependencies": [
            "aws_vpc.assignment_vpc"
          ]
        }
      ]
    },
    {
      "mode": "managed",
      "type": "aws_subnet",
      "name": "public_subnet",
      "provider": "provider[\"registry.terraform.io/hashicorp/aws\"]",
      "instances": [
        {
          "schema_version": 1,
          "attributes": {
            "arn": "arn:aws:ec2:ap-south-1:014839708505:subnet/subnet-0b6db3ca864e77788",
            "assign_ipv6_address_on_creation": false,
            "availability_zone": "ap-south-1a",
            "availability_zone_id": "aps1-az1",
            "cidr_block": "10.0.1.0/24",
            "customer_owned_ipv4_pool": "",
            "enable_dns64": false,
            "enable_lni_at_device_index": 0,
            "enable_resource_name_dns_a_record_on_launch": false,
            "enable_resource_name_dns_aaaa_record_on_launch": false,
            "id": "subnet-0b6db3ca864e77788",
            "ipv6_cidr_block": "",
            "ipv6_cidr_block_association_id": "",
            "ipv6_native": false,
            "map_customer_owned_ip_on_launch": false,
            "map_public_ip_on_launch": true,
            "outpost_arn": "",
            "owner_id": "014839708505",
            "private_dns_hostname_type_on_launch": "ip-name",
            "tags": {
              "Name": "public-subnet"
            },
            "tags_all": {
              "Name": "public-subnet"
            },
            "timeouts": null,
            "vpc_id": "vpc-0f40f81f73d4bac5e"
          },
          "sensitive_attributes": [],
          "identity_schema_version": 0,
          "private": "eyJlMmJmYjczMC1lY2FhLTExZTYtOGY4OC0zNDM2M2JjN2M0YzAiOnsiY3JlYXRlIjo2MDAwMDAwMDAwMDAsImRlbGV0ZSI6MTIwMDAwMDAwMDAwMH0sInNjaGVtYV92ZXJzaW9uIjoiMSJ9",
          "dependencies": [
            "aws_vpc.assignment_vpc"
          ]
        }
      ]
    },
    {
      "mode": "managed",
      "type": "aws_vpc",
      "name": "assignment_vpc",
      "provider": "provider[\"registry.terraform.io/hashicorp/aws\"]",
      "instances": [
        {
          "schema_version": 1,
          "attributes": {
            "arn": "arn:aws:ec2:ap-south-1:014839708505:vpc/vpc-0f40f81f73d4bac5e",
            "assign_generated_ipv6_cidr_block": false,
            "cidr_block": "10.0.0.0/16",
            "default_network_acl_id": "acl-0845dc55289d46ed3",
            "default_route_table_id": "rtb-0a9e9e373381437c7",
            "default_security_group_id": "sg-0247fbf9a952afe45",
            "dhcp_options_id": "dopt-041bd24678468ef36",
            "enable_dns_hostnames": true,
            "enable_dns_support": true,
            "enable_network_address_usage_metrics": false,
            "id": "vpc-0f40f81f73d4bac5e",
            "instance_tenancy": "default",
            "ipv4_ipam_pool_id": null,
            "ipv4_netmask_length": null,
            "ipv6_association_id": "",
            "ipv6_cidr_block": "",
            "ipv6_cidr_block_network_border_group": "",
            "ipv6_ipam_pool_id": "",
            "ipv6_netmask_length": 0,
            "main_route_table_id": "rtb-0a9e9e373381437c7",
            "owner_id": "014839708505",
            "tags": {
              "Name": "assignment-vpc"
            },
            "tags_all": {
              "Name": "assignment-vpc"
            }
          },
          "sensitive_attributes": [],
          "identity_schema_version": 0,
          "private": "eyJzY2hlbWFfdmVyc2lvbiI6IjEifQ=="
        }
      ]
    },
    {
      "mode": "managed",
      "type": "local_file",
      "name": "private_key_pem",
      "provider": "provider[\"registry.terraform.io/hashicorp/local\"]",
      "instances": [
        {
          "schema_version": 0,
          "attributes": {
            "content": "-----BEGIN RSA PRIVATE KEY-----\nMIIJKQIBAAKCAgEAsvclkhPf01DuqTQKo/0naYd0+7oWNRP8LiUjXL13Pp0DtGVs\nv5Z1cJjE98ies+wI6KhvGz3A0teOIIXROX/tfVaXrm9tIttutPichmfQDYe89ecp\nBc6XcEaNLUGXQn1HCi641+R6nlniALMa+2sUyiXQRaMXw/NUoIuXNMnRTRbRjgh4\nHK9j/qrryFHcL7DmUMnAHYUJVWG8+499ij6CMKiLeQAFMAVs54D6CEPdGWUPiImv\nMQwSZ6dLfu44Sz0us5XH3stfCJjsW8+CD9fd4QhcuJa1P0BqCSIFt+6pKxRRr+iQ\nspi0yiQ4UzqJ/rK20J5N5YZwgU2kDGZ8u6agoSF59UqUkpvtBRD6DsYd2GcPUye8\nr47c1QlZ3sieOyT4EuFkNib8+HqgyNrXl44t9jQ/uDoKYiNnMrytdbqtko2gxy9D\nQdy3BZy42BDv21NeVSy2DBFO0zzFc4bqIaz3YXGraB3RH2Sre8i2CuD7BohodqNA\nBnu/B2pSUzRjLo/DkDGv78xnkH86y2hLTHq4QD0goUVEbtluKv54g3eIsjOqZQ0h\nWFDmlf1m3K3hl8uXlxVG1r9YPjTgQ9DmFtDwcBQ9xwRhwxrf4oOnu6unNHgbn/FN\nzHhsI7Xe/RQ1XIyxx8ihiCc5lnvSPaqv2JKncerW5GWyzQwlZMpkgDBKUm0CAwEA\nAQKCAgAW177e51SBV2ovBKp7Bfv610RSQQ1GlxdwGGNsGe7XehkX9H4t8hlpVsaF\nTgEbu/vjHmSYGIi9ILBObGYpLa/1eJEBvc0zTsjRpo3sBeIjZ/jxdiDhUd44gXjR\nlvakkPL5VL9ZJxuTjKtxJWtDPga4Sp1L1iZZZ3ycxVR2c3AYo9n5hBE4sBZWUiCo\nP/KXz7+F/kpcOjfXwxLpFQaUF6hsZ4bt2dfPqlGdNvQzC95zuFeEOPa4ju7mdg8H\n04Yx7ExCtdJ+GH03zrUUfub9+LKkX3neQbY+rY0bP1F1iavkCMLobgnSEfW5e2gJ\nD4a/kLYO6LXOnxtLFcrjnk07cmg8EeeRucEgoCl1J78fQyO6sS12ddkes/M40Qv1\nV95VcOBuKAQGhQzoCUISBzqmcRyhYEQTFZ6FeRa+HvTWILQB2fLAjqwT8okdFk+v\nGtcn4VYMv1p+durJu9iQsrVs+xiBGkpzyBF/vNH3y9Jta1WFM6EeVFDDaCwlm5bd\nRTW5f0tR00MD+W0zlilQ549QYlxi0drOdssKcIIgdHr3VgwaZe12mhvkpH0xbLYf\nR0CQqUGJkjpIhA9LtrFmQa5MwY7HCLv/9ahPCqHonxuXn66GuU/QWj9slkTLwPjQ\nut+hIL3zEblc22qB27Px/Ae2jqsA8tPmy9KgxMqCj2jTWUMx7QKCAQEA7WYT+nKA\nPWz0BjJNb/m/rFCLmkdqaCFCZlwLW7VQUjVl/mzOCvCBkqk76Qo4PjJCPzo2ZQWV\n1jxnrzPNpSWffCWmHuf8d7kKVbOfU1M3Jwi7SLtvYhzQF/eMZWEXI6Uc+lc47us+\nUt7oSha2jO3bsH9GkdGA45V6ty4XHxlCWWVNazkeDYIa5fMMvO5GF6EpJXmFp2pV\nmPYL5GBFz978PnBF30plLHUmTigR40g+9BYfuXpHXGafMQMBIVdCEE6psjYrOAbC\n/57XOAz8UXtueAsbqHZpeMTnxn0tZ5VjbjAHMvuTol8jbxCQH1SiCEqIkUPGfuM7\neEv6k0KxprAn7wKCAQEAwPz4Iiu7G+9FTpbxKX2ObyY7KfKbJUQaYvHg5Xe8PO27\n1pD9g7iTutLBkuEfLKI7v7oHFwsB/gT16DOCo6aJRct6oMGHmiYdU4tYTsHdLD6l\nUvDLOFKlgfPtNnbnFNQskia8T8H8qg/DVarzkRO7EvdbyZocKqUx/5sSvDts7lUq\n+nb3EZUITUN9JpE0uyTjDwixfsYTonHo+dspVWrWThq8nhwHqm5g5+gXmGIUU1pU\nUxTamZPEOsOOD2wc83LHtr1flKYE8ZLHYpynMpCxKgF4UQzLlLZSMOr0n1zMRfu2\nvXsnRESydEt+9120XwqhQLLNmx1oCRVjLdEU5IovYwKCAQBpXgVAA9IncVRd67Wz\nHYaVVKqhr1DrJtfx1qiz66Xa1xiN9Hz/HgBkt/h/Vqnf8S62IYBDFleK3wSmHrgH\ntMs0rwEsdor4GIkdwLvWn/i6uoVlosutIFy8RoNp+83pZD+YXV5HrOHcplMzjyE3\nK9t2WwdXcUVjvdTZuPtKMkvgobXbAV71X+nQZjAhKyCxHDbHC0jnJasYWRyuIIzb\n1nzeubZJhRuiv9xglChcWJSYgblS+ZLy0BmYB11ZDwGje0aWcrR8CYRDMJ0Vo63Z\n/I7reQKtouDtWXgGAUlF0GhxX5/SYRcF2nQ/t3pAba/9PhefYhWX/ANJQW/WLKPs\n+ALBAoIBAQCEWnmKZddy9wvfNCG8xME0dVHKGPpR+nzmMuB8Pzu3xYs3QkS7W5Dl\nZbkgFIiewbycZuaJ5SC+p4RGdV05AvPODBjTuyZWj6E5NK2hhc87ktMrKL0WqYec\nsj+TRMSCQmk26p3nTTENKLZcQFu+uXtpLH+kqa57iMPbeuzEbzTr1zkcgQ483qrM\n4mYoVxmE521ZWCryuMGqfNi80pNsY1MKScfl329acUzAfyn/dfReneqK+Bhbjz3a\n11bMOOc6BxP0vbeZaKqnSnS3qpv4T8dQ+aUcYNwV51xC9EBEMw5dSJ4xIQ7zAPIq\nU8SFvZwAOngQuQ/NO8OnxyU3vNbJTgPlAoIBAQDHNRE/unaJYLOr085jIAiG7tYo\nUaIpzyxSgRzNI8PhPLjFfuswKjjZFmEHWsYJLJW6AryebdWCXhBun77NCggXwALx\nDpAhjyQkFoek770j3LVkehzMnMzhCYzonkhd4C0oqN6u5pV8NvLgAKID0wDq42mP\n6k3Va699w6+v7gfgtD3vTTbRdPCrVbsDd3fcFlsfcpmiGVha4KgEFkfJKOybIpZB\nPvuW3Q5CmGrymBwmxIMSk9JznwuNDy3tDFna3oQu4ISzlOKupkEMtYXuUxYlgkdC\nwhwxgmcM0tH/b+7MnthyOvV4Tr8GDDPg6PLcnyItgrSLzZTLIKD9aaVkLPRt\n-----END RSA PRIVATE KEY-----\n",
            "content_base64": null,
            "content_base64sha256": "Yu83Qn9RcjuiY1kphZEAO7SkZrnT4IU1KW59x0rGeuc=",
            "content_base64sha512": "BjccUz0kZhG21aS/eBa4IgQxfAcrDz3kgdXS10dO24qqZ+oKSq1M1jRzGG01QhHQaqt9BX2dylL3Xhxl+1bHiw==",
            "content_md5": "6d39beb39b127c73607f33d6e872e9b6",
            "content_sha1": "5db69e172f944028ed7d0de58f4437044e5399f7",
            "content_sha256": "62ef37427f51723ba26359298591003bb4a466b9d3e08535296e7dc74ac67ae7",
            "content_sha512": "06371c533d246611b6d5a4bf7816b82204317c072b0f3de481d5d2d7474edb8aaa67ea0a4aad4cd63473186d354211d06aab7d057d9dca52f75e1c65fb56c78b",
            "directory_permission": "0777",
            "file_permission": "0400",
            "filename": "assignment-key.pem",
            "id": "5db69e172f944028ed7d0de58f4437044e5399f7",
            "sensitive_content": null,
            "source": null
          },
          "sensitive_attributes": [
            [
              {
                "type": "get_attr",
                "value": "content"
              }
            ],
            [
              {
                "type": "get_attr",
                "value": "sensitive_content"
              }
            ]
          ],
          "identity_schema_version": 0,
          "dependencies": [
            "tls_private_key.assignment_key"
          ]
        }
      ]
    },
    {
      "mode": "managed",
      "type": "null_resource",
      "name": "deploy_frontend_app",
      "provider": "provider[\"registry.terraform.io/hashicorp/null\"]",
      "instances": [
        {
          "schema_version": 0,
          "attributes": {
            "id": "5125368333092851317",
            "triggers": null
          },
          "sensitive_attributes": [],
          "identity_schema_version": 0,
          "dependencies": [
            "aws_eip.nat_eip",
            "aws_instance.backend",
            "aws_instance.frontend",
            "aws_internet_gateway.igw",
            "aws_key_pair.generated_key",
            "aws_nat_gateway.nat_gw",
            "aws_route_table.private_rt",
            "aws_route_table_association.private_assoc",
            "aws_security_group.backend_sg",
            "aws_security_group.frontend_sg",
            "aws_subnet.private_subnet",
            "aws_subnet.public_subnet",
            "aws_vpc.assignment_vpc",
            "tls_private_key.assignment_key"
          ]
        }
      ]
    },
    {
      "mode": "managed",
      "type": "tls_private_key",
      "name": "assignment_key",
      "provider": "provider[\"registry.terraform.io/hashicorp/tls\"]",
      "instances": [
        {
          "schema_version": 1,
          "attributes": {
            "algorithm": "RSA",
            "ecdsa_curve": "P224",
            "id": "c269e8c3a0f5a1209c7be8b1dbd4563179a048bd",
            "private_key_openssh": "-----BEGIN OPENSSH PRIVATE KEY-----\nb3BlbnNzaC1rZXktdjEAAAAABG5vbmUAAAAEbm9uZQAAAAAAAAABAAACFwAAAAdz\nc2gtcnNhAAAAAwEAAQAAAgEAsvclkhPf01DuqTQKo/0naYd0+7oWNRP8LiUjXL13\nPp0DtGVsv5Z1cJjE98ies+wI6KhvGz3A0teOIIXROX/tfVaXrm9tIttutPichmfQ\nDYe89ecpBc6XcEaNLUGXQn1HCi641+R6nlniALMa+2sUyiXQRaMXw/NUoIuXNMnR\nTRbRjgh4HK9j/qrryFHcL7DmUMnAHYUJVWG8+499ij6CMKiLeQAFMAVs54D6CEPd\nGWUPiImvMQwSZ6dLfu44Sz0us5XH3stfCJjsW8+CD9fd4QhcuJa1P0BqCSIFt+6p\nKxRRr+iQspi0yiQ4UzqJ/rK20J5N5YZwgU2kDGZ8u6agoSF59UqUkpvtBRD6DsYd\n2GcPUye8r47c1QlZ3sieOyT4EuFkNib8+HqgyNrXl44t9jQ/uDoKYiNnMrytdbqt\nko2gxy9DQdy3BZy42BDv21NeVSy2DBFO0zzFc4bqIaz3YXGraB3RH2Sre8i2CuD7\nBohodqNABnu/B2pSUzRjLo/DkDGv78xnkH86y2hLTHq4QD0goUVEbtluKv54g3eI\nsjOqZQ0hWFDmlf1m3K3hl8uXlxVG1r9YPjTgQ9DmFtDwcBQ9xwRhwxrf4oOnu6un\nNHgbn/FNzHhsI7Xe/RQ1XIyxx8ihiCc5lnvSPaqv2JKncerW5GWyzQwlZMpkgDBK\nUm0AAAc4ySc768knO+sAAAAHc3NoLXJzYQAAAgEAsvclkhPf01DuqTQKo/0naYd0\n+7oWNRP8LiUjXL13Pp0DtGVsv5Z1cJjE98ies+wI6KhvGz3A0teOIIXROX/tfVaX\nrm9tIttutPichmfQDYe89ecpBc6XcEaNLUGXQn1HCi641+R6nlniALMa+2sUyiXQ\nRaMXw/NUoIuXNMnRTRbRjgh4HK9j/qrryFHcL7DmUMnAHYUJVWG8+499ij6CMKiL\neQAFMAVs54D6CEPdGWUPiImvMQwSZ6dLfu44Sz0us5XH3stfCJjsW8+CD9fd4Qhc\nuJa1P0BqCSIFt+6pKxRRr+iQspi0yiQ4UzqJ/rK20J5N5YZwgU2kDGZ8u6agoSF5\n9UqUkpvtBRD6DsYd2GcPUye8r47c1QlZ3sieOyT4EuFkNib8+HqgyNrXl44t9jQ/\nuDoKYiNnMrytdbqtko2gxy9DQdy3BZy42BDv21NeVSy2DBFO0zzFc4bqIaz3YXGr\naB3RH2Sre8i2CuD7BohodqNABnu/B2pSUzRjLo/DkDGv78xnkH86y2hLTHq4QD0g\noUVEbtluKv54g3eIsjOqZQ0hWFDmlf1m3K3hl8uXlxVG1r9YPjTgQ9DmFtDwcBQ9\nxwRhwxrf4oOnu6unNHgbn/FNzHhsI7Xe/RQ1XIyxx8ihiCc5lnvSPaqv2JKncerW\n5GWyzQwlZMpkgDBKUm0AAAADAQABAAACABbXvt7nVIFXai8EqnsF+/rXRFJBDUaX\nF3AYY2wZ7td6GRf0fi3yGWlWxoVOARu7++MeZJgYiL0gsE5sZiktr/V4kQG9zTNO\nyNGmjewF4iNn+PF2IOFR3jiBeNGW9qSQ8vlUv1knG5OMq3Ela0M+BrhKnUvWJlln\nfJzFVHZzcBij2fmEETiwFlZSIKg/8pfPv4X+Slw6N9fDEukVBpQXqGxnhu3Z18+q\nUZ029DML3nO4V4Q49riO7uZ2DwfThjHsTEK10n4YfTfOtRR+5v34sqRfed5Btj6t\njRs/UXWJq+QIwuhuCdIR9bl7aAkPhr+Qtg7otc6fG0sVyuOeTTtyaDwR55G5wSCg\nKXUnvx9DI7qxLXZ12R6z8zjRC/VX3lVw4G4oBAaFDOgJQhIHOqZxHKFgRBMVnoV5\nFr4e9NYgtAHZ8sCOrBPyiR0WT68a1yfhVgy/Wn526sm72JCytWz7GIEaSnPIEX+8\n0ffL0m1rVYUzoR5UUMNoLCWblt1FNbl/S1HTQwP5bTOWKVDnj1BiXGLR2s52ywpw\ngiB0evdWDBpl7XaaG+SkfTFsth9HQJCpQYmSOkiED0u2sWZBrkzBjscIu//1qE8K\noeifG5efroa5T9BaP2yWRMvA+NC636EgvfMRuVzbaoHbs/H8B7aOqwDy0+bL0qDE\nyoKPaNNZQzHtAAABAQDHNRE/unaJYLOr085jIAiG7tYoUaIpzyxSgRzNI8PhPLjF\nfuswKjjZFmEHWsYJLJW6AryebdWCXhBun77NCggXwALxDpAhjyQkFoek770j3LVk\nehzMnMzhCYzonkhd4C0oqN6u5pV8NvLgAKID0wDq42mP6k3Va699w6+v7gfgtD3v\nTTbRdPCrVbsDd3fcFlsfcpmiGVha4KgEFkfJKOybIpZBPvuW3Q5CmGrymBwmxIMS\nk9JznwuNDy3tDFna3oQu4ISzlOKupkEMtYXuUxYlgkdCwhwxgmcM0tH/b+7Mnthy\nOvV4Tr8GDDPg6PLcnyItgrSLzZTLIKD9aaVkLPRtAAABAQDtZhP6coA9bPQGMk1v\n+b+sUIuaR2poIUJmXAtbtVBSNWX+bM4K8IGSqTvpCjg+MkI/OjZlBZXWPGevM82l\nJZ98JaYe5/x3uQpVs59TUzcnCLtIu29iHNAX94xlYRcjpRz6Vzju6z5S3uhKFraM\n7duwf0aR0YDjlXq3LhcfGUJZZU1rOR4Nghrl8wy87kYXoSkleYWnalWY9gvkYEXP\n3vw+cEXfSmUsdSZOKBHjSD70Fh+5ekdcZp8xAwEhV0IQTqmyNis4BsL/ntc4DPxR\ne254Cxuodml4xOfGfS1nlWNuMAcy+5OiXyNvEJAfVKIISoiRQ8Z+4zt4S/qTQrGm\nsCfvAAABAQDA/PgiK7sb70VOlvEpfY5vJjsp8pslRBpi8eDld7w87bvWkP2DuJO6\n0sGS4R8soju/ugcXCwH+BPXoM4KjpolFy3qgwYeaJh1Ti1hOwd0sPqVS8Ms4UqWB\n8+02ducU1CySJrxPwfyqD8NVqvORE7sS91vJmhwqpTH/mxK8O2zuVSr6dvcRlQhN\nQ30mkTS7JOMPCLF+xhOicej52ylVatZOGryeHAeqbmDn6BeYYhRTWlRTFNqZk8Q6\nw44PbBzzcse2vV+UpgTxksdinKcykLEqAXhRDMuUtlIw6vSfXMxF+7a9eydERLJ0\nS373XbRfCqFAss2bHWgJFWMt0RTkii9jAAAAAAEC\n-----END OPENSSH PRIVATE KEY-----\n",
            "private_key_pem": "-----BEGIN RSA PRIVATE KEY-----\nMIIJKQIBAAKCAgEAsvclkhPf01DuqTQKo/0naYd0+7oWNRP8LiUjXL13Pp0DtGVs\nv5Z1cJjE98ies+wI6KhvGz3A0teOIIXROX/tfVaXrm9tIttutPichmfQDYe89ecp\nBc6XcEaNLUGXQn1HCi641+R6nlniALMa+2sUyiXQRaMXw/NUoIuXNMnRTRbRjgh4\nHK9j/qrryFHcL7DmUMnAHYUJVWG8+499ij6CMKiLeQAFMAVs54D6CEPdGWUPiImv\nMQwSZ6dLfu44Sz0us5XH3stfCJjsW8+CD9fd4QhcuJa1P0BqCSIFt+6pKxRRr+iQ\nspi0yiQ4UzqJ/rK20J5N5YZwgU2kDGZ8u6agoSF59UqUkpvtBRD6DsYd2GcPUye8\nr47c1QlZ3sieOyT4EuFkNib8+HqgyNrXl44t9jQ/uDoKYiNnMrytdbqtko2gxy9D\nQdy3BZy42BDv21NeVSy2DBFO0zzFc4bqIaz3YXGraB3RH2Sre8i2CuD7BohodqNA\nBnu/B2pSUzRjLo/DkDGv78xnkH86y2hLTHq4QD0goUVEbtluKv54g3eIsjOqZQ0h\nWFDmlf1m3K3hl8uXlxVG1r9YPjTgQ9DmFtDwcBQ9xwRhwxrf4oOnu6unNHgbn/FN\nzHhsI7Xe/RQ1XIyxx8ihiCc5lnvSPaqv2JKncerW5GWyzQwlZMpkgDBKUm0CAwEA\nAQKCAgAW177e51SBV2ovBKp7Bfv610RSQQ1GlxdwGGNsGe7XehkX9H4t8hlpVsaF\nTgEbu/vjHmSYGIi9ILBObGYpLa/1eJEBvc0zTsjRpo3sBeIjZ/jxdiDhUd44gXjR\nlvakkPL5VL9ZJxuTjKtxJWtDPga4Sp1L1iZZZ3ycxVR2c3AYo9n5hBE4sBZWUiCo\nP/KXz7+F/kpcOjfXwxLpFQaUF6hsZ4bt2dfPqlGdNvQzC95zuFeEOPa4ju7mdg8H\n04Yx7ExCtdJ+GH03zrUUfub9+LKkX3neQbY+rY0bP1F1iavkCMLobgnSEfW5e2gJ\nD4a/kLYO6LXOnxtLFcrjnk07cmg8EeeRucEgoCl1J78fQyO6sS12ddkes/M40Qv1\nV95VcOBuKAQGhQzoCUISBzqmcRyhYEQTFZ6FeRa+HvTWILQB2fLAjqwT8okdFk+v\nGtcn4VYMv1p+durJu9iQsrVs+xiBGkpzyBF/vNH3y9Jta1WFM6EeVFDDaCwlm5bd\nRTW5f0tR00MD+W0zlilQ549QYlxi0drOdssKcIIgdHr3VgwaZe12mhvkpH0xbLYf\nR0CQqUGJkjpIhA9LtrFmQa5MwY7HCLv/9ahPCqHonxuXn66GuU/QWj9slkTLwPjQ\nut+hIL3zEblc22qB27Px/Ae2jqsA8tPmy9KgxMqCj2jTWUMx7QKCAQEA7WYT+nKA\nPWz0BjJNb/m/rFCLmkdqaCFCZlwLW7VQUjVl/mzOCvCBkqk76Qo4PjJCPzo2ZQWV\n1jxnrzPNpSWffCWmHuf8d7kKVbOfU1M3Jwi7SLtvYhzQF/eMZWEXI6Uc+lc47us+\nUt7oSha2jO3bsH9GkdGA45V6ty4XHxlCWWVNazkeDYIa5fMMvO5GF6EpJXmFp2pV\nmPYL5GBFz978PnBF30plLHUmTigR40g+9BYfuXpHXGafMQMBIVdCEE6psjYrOAbC\n/57XOAz8UXtueAsbqHZpeMTnxn0tZ5VjbjAHMvuTol8jbxCQH1SiCEqIkUPGfuM7\neEv6k0KxprAn7wKCAQEAwPz4Iiu7G+9FTpbxKX2ObyY7KfKbJUQaYvHg5Xe8PO27\n1pD9g7iTutLBkuEfLKI7v7oHFwsB/gT16DOCo6aJRct6oMGHmiYdU4tYTsHdLD6l\nUvDLOFKlgfPtNnbnFNQskia8T8H8qg/DVarzkRO7EvdbyZocKqUx/5sSvDts7lUq\n+nb3EZUITUN9JpE0uyTjDwixfsYTonHo+dspVWrWThq8nhwHqm5g5+gXmGIUU1pU\nUxTamZPEOsOOD2wc83LHtr1flKYE8ZLHYpynMpCxKgF4UQzLlLZSMOr0n1zMRfu2\nvXsnRESydEt+9120XwqhQLLNmx1oCRVjLdEU5IovYwKCAQBpXgVAA9IncVRd67Wz\nHYaVVKqhr1DrJtfx1qiz66Xa1xiN9Hz/HgBkt/h/Vqnf8S62IYBDFleK3wSmHrgH\ntMs0rwEsdor4GIkdwLvWn/i6uoVlosutIFy8RoNp+83pZD+YXV5HrOHcplMzjyE3\nK9t2WwdXcUVjvdTZuPtKMkvgobXbAV71X+nQZjAhKyCxHDbHC0jnJasYWRyuIIzb\n1nzeubZJhRuiv9xglChcWJSYgblS+ZLy0BmYB11ZDwGje0aWcrR8CYRDMJ0Vo63Z\n/I7reQKtouDtWXgGAUlF0GhxX5/SYRcF2nQ/t3pAba/9PhefYhWX/ANJQW/WLKPs\n+ALBAoIBAQCEWnmKZddy9wvfNCG8xME0dVHKGPpR+nzmMuB8Pzu3xYs3QkS7W5Dl\nZbkgFIiewbycZuaJ5SC+p4RGdV05AvPODBjTuyZWj6E5NK2hhc87ktMrKL0WqYec\nsj+TRMSCQmk26p3nTTENKLZcQFu+uXtpLH+kqa57iMPbeuzEbzTr1zkcgQ483qrM\n4mYoVxmE521ZWCryuMGqfNi80pNsY1MKScfl329acUzAfyn/dfReneqK+Bhbjz3a\n11bMOOc6BxP0vbeZaKqnSnS3qpv4T8dQ+aUcYNwV51xC9EBEMw5dSJ4xIQ7zAPIq\nU8SFvZwAOngQuQ/NO8OnxyU3vNbJTgPlAoIBAQDHNRE/unaJYLOr085jIAiG7tYo\nUaIpzyxSgRzNI8PhPLjFfuswKjjZFmEHWsYJLJW6AryebdWCXhBun77NCggXwALx\nDpAhjyQkFoek770j3LVkehzMnMzhCYzonkhd4C0oqN6u5pV8NvLgAKID0wDq42mP\n6k3Va699w6+v7gfgtD3vTTbRdPCrVbsDd3fcFlsfcpmiGVha4KgEFkfJKOybIpZB\nPvuW3Q5CmGrymBwmxIMSk9JznwuNDy3tDFna3oQu4ISzlOKupkEMtYXuUxYlgkdC\nwhwxgmcM0tH/b+7MnthyOvV4Tr8GDDPg6PLcnyItgrSLzZTLIKD9aaVkLPRt\n-----END RSA PRIVATE KEY-----\n",
            "private_key_pem_pkcs8": "-----BEGIN PRIVATE KEY-----\nMIIJQwIBADANBgkqhkiG9w0BAQEFAASCCS0wggkpAgEAAoICAQCy9yWSE9/TUO6p\nNAqj/Sdph3T7uhY1E/wuJSNcvXc+nQO0ZWy/lnVwmMT3yJ6z7AjoqG8bPcDS144g\nhdE5f+19Vpeub20i2260+JyGZ9ANh7z15ykFzpdwRo0tQZdCfUcKLrjX5HqeWeIA\nsxr7axTKJdBFoxfD81Sgi5c0ydFNFtGOCHgcr2P+quvIUdwvsOZQycAdhQlVYbz7\nj32KPoIwqIt5AAUwBWzngPoIQ90ZZQ+Iia8xDBJnp0t+7jhLPS6zlcfey18ImOxb\nz4IP193hCFy4lrU/QGoJIgW37qkrFFGv6JCymLTKJDhTOon+srbQnk3lhnCBTaQM\nZny7pqChIXn1SpSSm+0FEPoOxh3YZw9TJ7yvjtzVCVneyJ47JPgS4WQ2Jvz4eqDI\n2teXji32ND+4OgpiI2cyvK11uq2SjaDHL0NB3LcFnLjYEO/bU15VLLYMEU7TPMVz\nhuohrPdhcatoHdEfZKt7yLYK4PsGiGh2o0AGe78HalJTNGMuj8OQMa/vzGeQfzrL\naEtMerhAPSChRURu2W4q/niDd4iyM6plDSFYUOaV/WbcreGXy5eXFUbWv1g+NOBD\n0OYW0PBwFD3HBGHDGt/ig6e7q6c0eBuf8U3MeGwjtd79FDVcjLHHyKGIJzmWe9I9\nqq/Ykqdx6tbkZbLNDCVkymSAMEpSbQIDAQABAoICABbXvt7nVIFXai8EqnsF+/rX\nRFJBDUaXF3AYY2wZ7td6GRf0fi3yGWlWxoVOARu7++MeZJgYiL0gsE5sZiktr/V4\nkQG9zTNOyNGmjewF4iNn+PF2IOFR3jiBeNGW9qSQ8vlUv1knG5OMq3Ela0M+BrhK\nnUvWJllnfJzFVHZzcBij2fmEETiwFlZSIKg/8pfPv4X+Slw6N9fDEukVBpQXqGxn\nhu3Z18+qUZ029DML3nO4V4Q49riO7uZ2DwfThjHsTEK10n4YfTfOtRR+5v34sqRf\ned5Btj6tjRs/UXWJq+QIwuhuCdIR9bl7aAkPhr+Qtg7otc6fG0sVyuOeTTtyaDwR\n55G5wSCgKXUnvx9DI7qxLXZ12R6z8zjRC/VX3lVw4G4oBAaFDOgJQhIHOqZxHKFg\nRBMVnoV5Fr4e9NYgtAHZ8sCOrBPyiR0WT68a1yfhVgy/Wn526sm72JCytWz7GIEa\nSnPIEX+80ffL0m1rVYUzoR5UUMNoLCWblt1FNbl/S1HTQwP5bTOWKVDnj1BiXGLR\n2s52ywpwgiB0evdWDBpl7XaaG+SkfTFsth9HQJCpQYmSOkiED0u2sWZBrkzBjscI\nu//1qE8KoeifG5efroa5T9BaP2yWRMvA+NC636EgvfMRuVzbaoHbs/H8B7aOqwDy\n0+bL0qDEyoKPaNNZQzHtAoIBAQDtZhP6coA9bPQGMk1v+b+sUIuaR2poIUJmXAtb\ntVBSNWX+bM4K8IGSqTvpCjg+MkI/OjZlBZXWPGevM82lJZ98JaYe5/x3uQpVs59T\nUzcnCLtIu29iHNAX94xlYRcjpRz6Vzju6z5S3uhKFraM7duwf0aR0YDjlXq3Lhcf\nGUJZZU1rOR4Nghrl8wy87kYXoSkleYWnalWY9gvkYEXP3vw+cEXfSmUsdSZOKBHj\nSD70Fh+5ekdcZp8xAwEhV0IQTqmyNis4BsL/ntc4DPxRe254Cxuodml4xOfGfS1n\nlWNuMAcy+5OiXyNvEJAfVKIISoiRQ8Z+4zt4S/qTQrGmsCfvAoIBAQDA/PgiK7sb\n70VOlvEpfY5vJjsp8pslRBpi8eDld7w87bvWkP2DuJO60sGS4R8soju/ugcXCwH+\nBPXoM4KjpolFy3qgwYeaJh1Ti1hOwd0sPqVS8Ms4UqWB8+02ducU1CySJrxPwfyq\nD8NVqvORE7sS91vJmhwqpTH/mxK8O2zuVSr6dvcRlQhNQ30mkTS7JOMPCLF+xhOi\ncej52ylVatZOGryeHAeqbmDn6BeYYhRTWlRTFNqZk8Q6w44PbBzzcse2vV+UpgTx\nksdinKcykLEqAXhRDMuUtlIw6vSfXMxF+7a9eydERLJ0S373XbRfCqFAss2bHWgJ\nFWMt0RTkii9jAoIBAGleBUAD0idxVF3rtbMdhpVUqqGvUOsm1/HWqLPrpdrXGI30\nfP8eAGS3+H9Wqd/xLrYhgEMWV4rfBKYeuAe0yzSvASx2ivgYiR3Au9af+Lq6hWWi\ny60gXLxGg2n7zelkP5hdXkes4dymUzOPITcr23ZbB1dxRWO91Nm4+0oyS+ChtdsB\nXvVf6dBmMCErILEcNscLSOclqxhZHK4gjNvWfN65tkmFG6K/3GCUKFxYlJiBuVL5\nkvLQGZgHXVkPAaN7RpZytHwJhEMwnRWjrdn8jut5Aq2i4O1ZeAYBSUXQaHFfn9Jh\nFwXadD+3ekBtr/0+F59iFZf8A0lBb9Yso+z4AsECggEBAIRaeYpl13L3C980IbzE\nwTR1UcoY+lH6fOYy4Hw/O7fFizdCRLtbkOVluSAUiJ7BvJxm5onlIL6nhEZ1XTkC\n884MGNO7JlaPoTk0raGFzzuS0ysovRaph5yyP5NExIJCaTbqnedNMQ0otlxAW765\ne2ksf6SprnuIw9t67MRvNOvXORyBDjzeqsziZihXGYTnbVlYKvK4wap82LzSk2xj\nUwpJx+Xfb1pxTMB/Kf919F6d6or4GFuPPdrXVsw45zoHE/S9t5loqqdKdLeqm/hP\nx1D5pRxg3BXnXEL0QEQzDl1InjEhDvMA8ipTxIW9nAA6eBC5D807w6fHJTe81slO\nA+UCggEBAMc1ET+6dolgs6vTzmMgCIbu1ihRoinPLFKBHM0jw+E8uMV+6zAqONkW\nYQdaxgkslboCvJ5t1YJeEG6fvs0KCBfAAvEOkCGPJCQWh6TvvSPctWR6HMyczOEJ\njOieSF3gLSio3q7mlXw28uAAogPTAOrjaY/qTdVrr33Dr6/uB+C0Pe9NNtF08KtV\nuwN3d9wWWx9ymaIZWFrgqAQWR8ko7JsilkE++5bdDkKYavKYHCbEgxKT0nOfC40P\nLe0MWdrehC7ghLOU4q6mQQy1he5TFiWCR0LCHDGCZwzS0f9v7sye2HI69XhOvwYM\nM+Do8tyfIi2CtIvNlMsgoP1ppWQs9G0=\n-----END PRIVATE KEY-----\n",
            "public_key_fingerprint_md5": "09:96:7b:b9:98:cf:88:1a:46:88:25:5c:56:ee:39:5d",
            "public_key_fingerprint_sha256": "SHA256:uNlleFk/h8+xqY5PpChMCs/n9M8l3Q0p0xozRJIVbx4",
            "public_key_openssh": "ssh-rsa AAAAB3NzaC1yc2EAAAADAQABAAACAQCy9yWSE9/TUO6pNAqj/Sdph3T7uhY1E/wuJSNcvXc+nQO0ZWy/lnVwmMT3yJ6z7AjoqG8bPcDS144ghdE5f+19Vpeub20i2260+JyGZ9ANh7z15ykFzpdwRo0tQZdCfUcKLrjX5HqeWeIAsxr7axTKJdBFoxfD81Sgi5c0ydFNFtGOCHgcr2P+quvIUdwvsOZQycAdhQlVYbz7j32KPoIwqIt5AAUwBWzngPoIQ90ZZQ+Iia8xDBJnp0t+7jhLPS6zlcfey18ImOxbz4IP193hCFy4lrU/QGoJIgW37qkrFFGv6JCymLTKJDhTOon+srbQnk3lhnCBTaQMZny7pqChIXn1SpSSm+0FEPoOxh3YZw9TJ7yvjtzVCVneyJ47JPgS4WQ2Jvz4eqDI2teXji32ND+4OgpiI2cyvK11uq2SjaDHL0NB3LcFnLjYEO/bU15VLLYMEU7TPMVzhuohrPdhcatoHdEfZKt7yLYK4PsGiGh2o0AGe78HalJTNGMuj8OQMa/vzGeQfzrLaEtMerhAPSChRURu2W4q/niDd4iyM6plDSFYUOaV/WbcreGXy5eXFUbWv1g+NOBD0OYW0PBwFD3HBGHDGt/ig6e7q6c0eBuf8U3MeGwjtd79FDVcjLHHyKGIJzmWe9I9qq/Ykqdx6tbkZbLNDCVkymSAMEpSbQ==\n",
            "public_key_pem": "-----BEGIN PUBLIC KEY-----\nMIICIjANBgkqhkiG9w0BAQEFAAOCAg8AMIICCgKCAgEAsvclkhPf01DuqTQKo/0n\naYd0+7oWNRP8LiUjXL13Pp0DtGVsv5Z1cJjE98ies+wI6KhvGz3A0teOIIXROX/t\nfVaXrm9tIttutPichmfQDYe89ecpBc6XcEaNLUGXQn1HCi641+R6nlniALMa+2sU\nyiXQRaMXw/NUoIuXNMnRTRbRjgh4HK9j/qrryFHcL7DmUMnAHYUJVWG8+499ij6C\nMKiLeQAFMAVs54D6CEPdGWUPiImvMQwSZ6dLfu44Sz0us5XH3stfCJjsW8+CD9fd\n4QhcuJa1P0BqCSIFt+6pKxRRr+iQspi0yiQ4UzqJ/rK20J5N5YZwgU2kDGZ8u6ag\noSF59UqUkpvtBRD6DsYd2GcPUye8r47c1QlZ3sieOyT4EuFkNib8+HqgyNrXl44t\n9jQ/uDoKYiNnMrytdbqtko2gxy9DQdy3BZy42BDv21NeVSy2DBFO0zzFc4bqIaz3\nYXGraB3RH2Sre8i2CuD7BohodqNABnu/B2pSUzRjLo/DkDGv78xnkH86y2hLTHq4\nQD0goUVEbtluKv54g3eIsjOqZQ0hWFDmlf1m3K3hl8uXlxVG1r9YPjTgQ9DmFtDw\ncBQ9xwRhwxrf4oOnu6unNHgbn/FNzHhsI7Xe/RQ1XIyxx8ihiCc5lnvSPaqv2JKn\ncerW5GWyzQwlZMpkgDBKUm0CAwEAAQ==\n-----END PUBLIC KEY-----\n",
            "rsa_bits": 4096
          },
          "sensitive_attributes": [
            [
              {
                "type": "get_attr",
                "value": "private_key_openssh"
              }
            ],
            [
              {
                "type": "get_attr",
                "value": "private_key_pem"
              }
            ],
            [
              {
                "type": "get_attr",
                "value": "private_key_pem_pkcs8"
              }
            ]
          ],
          "identity_schema_version": 0
        }
      ]
    }
  ],
  "check_results": null
}
